// !$*UTF8*$!
{
	archiveVersion = 1;
	classes = {
	};
	objectVersion = 46;
	objects = {

/* Begin PBXBuildFile section */
		C02A60301E8630E100393ADF /* GameScene.sks in Resources */ = {isa = PBXBuildFile; fileRef = C02A602E1E8630E100393ADF /* GameScene.sks */; };
		C02A60311E8630E100393ADF /* GameScene.swift in Sources */ = {isa = PBXBuildFile; fileRef = C02A602F1E8630E100393ADF /* GameScene.swift */; };
		C0558F8C1E86006400CEBF26 /* AppDelegate.swift in Sources */ = {isa = PBXBuildFile; fileRef = C0558F8B1E86006400CEBF26 /* AppDelegate.swift */; };
		C0558F8E1E86006400CEBF26 /* GameViewController.swift in Sources */ = {isa = PBXBuildFile; fileRef = C0558F8D1E86006400CEBF26 /* GameViewController.swift */; };
		C0558F911E86006500CEBF26 /* Main.storyboard in Resources */ = {isa = PBXBuildFile; fileRef = C0558F8F1E86006500CEBF26 /* Main.storyboard */; };
		C0558F941E86006500CEBF26 /* LaunchScreen.storyboard in Resources */ = {isa = PBXBuildFile; fileRef = C0558F921E86006500CEBF26 /* LaunchScreen.storyboard */; };
		C0558F991E86006500CEBF26 /* Assets.xcassets in Resources */ = {isa = PBXBuildFile; fileRef = C0558F831E86006400CEBF26 /* Assets.xcassets */; };
		C056A5F11E863A4600E734D1 /* GameSession.swift in Sources */ = {isa = PBXBuildFile; fileRef = C056A5F01E863A4600E734D1 /* GameSession.swift */; };
		C056A5F31E863A4D00E734D1 /* Player.swift in Sources */ = {isa = PBXBuildFile; fileRef = C056A5F21E863A4D00E734D1 /* Player.swift */; };
		C056A5F51E863AAB00E734D1 /* GameModel.swift in Sources */ = {isa = PBXBuildFile; fileRef = C056A5F41E863AAB00E734D1 /* GameModel.swift */; };
		C056A5F71E863C1100E734D1 /* MinMaxStrategy.swift in Sources */ = {isa = PBXBuildFile; fileRef = C056A5F61E863C1100E734D1 /* MinMaxStrategy.swift */; };
		C09E1D071E861480003BBE7E /* GameBoardState.swift in Sources */ = {isa = PBXBuildFile; fileRef = C09E1D061E861480003BBE7E /* GameBoardState.swift */; };
		C0A5DA441E86602500F12E41 /* GameBoardSprite.swift in Sources */ = {isa = PBXBuildFile; fileRef = C0A5DA431E86602500F12E41 /* GameBoardSprite.swift */; };
		C0C012951E86AC7B00E28AF2 /* GameScore.swift in Sources */ = {isa = PBXBuildFile; fileRef = C0C012941E86AC7B00E28AF2 /* GameScore.swift */; };
		C0F42ED31E86938900FE9C28 /* GameBoardStateTests.swift in Sources */ = {isa = PBXBuildFile; fileRef = C0F42ED21E86938900FE9C28 /* GameBoardStateTests.swift */; };
/* End PBXBuildFile section */

/* Begin PBXContainerItemProxy section */
		C0F42ECB1E86933D00FE9C28 /* PBXContainerItemProxy */ = {
			isa = PBXContainerItemProxy;
			containerPortal = C0558F7B1E86006400CEBF26 /* Project object */;
			proxyType = 1;
			remoteGlobalIDString = C0558F871E86006400CEBF26;
			remoteInfo = iOS;
		};
/* End PBXContainerItemProxy section */

/* Begin PBXFileReference section */
		C02A602E1E8630E100393ADF /* GameScene.sks */ = {isa = PBXFileReference; lastKnownFileType = file.sks; path = GameScene.sks; sourceTree = "<group>"; };
		C02A602F1E8630E100393ADF /* GameScene.swift */ = {isa = PBXFileReference; fileEncoding = 4; lastKnownFileType = sourcecode.swift; path = GameScene.swift; sourceTree = "<group>"; };
		C0558F831E86006400CEBF26 /* Assets.xcassets */ = {isa = PBXFileReference; lastKnownFileType = folder.assetcatalog; path = Assets.xcassets; sourceTree = "<group>"; };
		C0558F881E86006400CEBF26 /* Crosses.app */ = {isa = PBXFileReference; explicitFileType = wrapper.application; includeInIndex = 0; path = Crosses.app; sourceTree = BUILT_PRODUCTS_DIR; };
		C0558F8B1E86006400CEBF26 /* AppDelegate.swift */ = {isa = PBXFileReference; lastKnownFileType = sourcecode.swift; path = AppDelegate.swift; sourceTree = "<group>"; };
		C0558F8D1E86006400CEBF26 /* GameViewController.swift */ = {isa = PBXFileReference; lastKnownFileType = sourcecode.swift; path = GameViewController.swift; sourceTree = "<group>"; };
		C0558F901E86006500CEBF26 /* Base */ = {isa = PBXFileReference; lastKnownFileType = file.storyboard; name = Base; path = Base.lproj/Main.storyboard; sourceTree = "<group>"; };
		C0558F931E86006500CEBF26 /* Base */ = {isa = PBXFileReference; lastKnownFileType = file.storyboard; name = Base; path = Base.lproj/LaunchScreen.storyboard; sourceTree = "<group>"; };
		C0558F951E86006500CEBF26 /* Info.plist */ = {isa = PBXFileReference; lastKnownFileType = text.plist.xml; path = Info.plist; sourceTree = "<group>"; };
		C056A5F01E863A4600E734D1 /* GameSession.swift */ = {isa = PBXFileReference; fileEncoding = 4; lastKnownFileType = sourcecode.swift; path = GameSession.swift; sourceTree = "<group>"; };
		C056A5F21E863A4D00E734D1 /* Player.swift */ = {isa = PBXFileReference; fileEncoding = 4; lastKnownFileType = sourcecode.swift; path = Player.swift; sourceTree = "<group>"; };
		C056A5F41E863AAB00E734D1 /* GameModel.swift */ = {isa = PBXFileReference; fileEncoding = 4; lastKnownFileType = sourcecode.swift; path = GameModel.swift; sourceTree = "<group>"; };
		C056A5F61E863C1100E734D1 /* MinMaxStrategy.swift */ = {isa = PBXFileReference; fileEncoding = 4; lastKnownFileType = sourcecode.swift; path = MinMaxStrategy.swift; sourceTree = "<group>"; };
		C09E1D061E861480003BBE7E /* GameBoardState.swift */ = {isa = PBXFileReference; fileEncoding = 4; lastKnownFileType = sourcecode.swift; path = GameBoardState.swift; sourceTree = "<group>"; };
		C0A5DA431E86602500F12E41 /* GameBoardSprite.swift */ = {isa = PBXFileReference; fileEncoding = 4; lastKnownFileType = sourcecode.swift; path = GameBoardSprite.swift; sourceTree = "<group>"; };
		C0C012941E86AC7B00E28AF2 /* GameScore.swift */ = {isa = PBXFileReference; fileEncoding = 4; lastKnownFileType = sourcecode.swift; path = GameScore.swift; sourceTree = "<group>"; };
		C0F42EC61E86933D00FE9C28 /* CrossesTests.xctest */ = {isa = PBXFileReference; explicitFileType = wrapper.cfbundle; includeInIndex = 0; path = CrossesTests.xctest; sourceTree = BUILT_PRODUCTS_DIR; };
		C0F42ECA1E86933D00FE9C28 /* Info.plist */ = {isa = PBXFileReference; lastKnownFileType = text.plist.xml; path = Info.plist; sourceTree = "<group>"; };
		C0F42ED21E86938900FE9C28 /* GameBoardStateTests.swift */ = {isa = PBXFileReference; fileEncoding = 4; lastKnownFileType = sourcecode.swift; path = GameBoardStateTests.swift; sourceTree = "<group>"; };
/* End PBXFileReference section */

/* Begin PBXFrameworksBuildPhase section */
		C0558F851E86006400CEBF26 /* Frameworks */ = {
			isa = PBXFrameworksBuildPhase;
			buildActionMask = 2147483647;
			files = (
			);
			runOnlyForDeploymentPostprocessing = 0;
		};
		C0F42EC31E86933D00FE9C28 /* Frameworks */ = {
			isa = PBXFrameworksBuildPhase;
			buildActionMask = 2147483647;
			files = (
			);
			runOnlyForDeploymentPostprocessing = 0;
		};
/* End PBXFrameworksBuildPhase section */

/* Begin PBXGroup section */
		C02A602D1E8630E100393ADF /* Controllers */ = {
			isa = PBXGroup;
			children = (
				C02A602E1E8630E100393ADF /* GameScene.sks */,
				C02A602F1E8630E100393ADF /* GameScene.swift */,
			);
			path = Controllers;
			sourceTree = "<group>";
		};
		C0558F7A1E86006400CEBF26 = {
			isa = PBXGroup;
			children = (
				C0F42ED01E86935800FE9C28 /* Shared-Tests */,
				C0558F7F1E86006400CEBF26 /* Shared */,
				C0558F8A1E86006400CEBF26 /* iOS */,
				C0F42EC71E86933D00FE9C28 /* CrossesTests */,
				C0558F891E86006400CEBF26 /* Products */,
			);
			sourceTree = "<group>";
		};
		C0558F7F1E86006400CEBF26 /* Shared */ = {
			isa = PBXGroup;
			children = (
				C02A602D1E8630E100393ADF /* Controllers */,
				C09E1D081E86193A003BBE7E /* Views */,
				C0558F9F1E860F0000CEBF26 /* Model */,
				C0558F831E86006400CEBF26 /* Assets.xcassets */,
			);
			path = Shared;
			sourceTree = "<group>";
		};
		C0558F891E86006400CEBF26 /* Products */ = {
			isa = PBXGroup;
			children = (
				C0558F881E86006400CEBF26 /* Crosses.app */,
				C0F42EC61E86933D00FE9C28 /* CrossesTests.xctest */,
			);
			name = Products;
			sourceTree = "<group>";
		};
		C0558F8A1E86006400CEBF26 /* iOS */ = {
			isa = PBXGroup;
			children = (
				C0558F8B1E86006400CEBF26 /* AppDelegate.swift */,
				C0558F8D1E86006400CEBF26 /* GameViewController.swift */,
				C0558F8F1E86006500CEBF26 /* Main.storyboard */,
				C0558F921E86006500CEBF26 /* LaunchScreen.storyboard */,
				C0558F951E86006500CEBF26 /* Info.plist */,
			);
			path = iOS;
			sourceTree = "<group>";
		};
		C0558F9F1E860F0000CEBF26 /* Model */ = {
			isa = PBXGroup;
			children = (
				C056A5F21E863A4D00E734D1 /* Player.swift */,
				C056A5F01E863A4600E734D1 /* GameSession.swift */,
				C09E1D061E861480003BBE7E /* GameBoardState.swift */,
				C056A5F41E863AAB00E734D1 /* GameModel.swift */,
				C056A5F61E863C1100E734D1 /* MinMaxStrategy.swift */,
				C0C012941E86AC7B00E28AF2 /* GameScore.swift */,
			);
			path = Model;
			sourceTree = "<group>";
		};
		C09E1D081E86193A003BBE7E /* Views */ = {
			isa = PBXGroup;
			children = (
				C0A5DA431E86602500F12E41 /* GameBoardSprite.swift */,
			);
			path = Views;
			sourceTree = "<group>";
		};
		C0F42EC71E86933D00FE9C28 /* CrossesTests */ = {
			isa = PBXGroup;
			children = (
				C0F42ECA1E86933D00FE9C28 /* Info.plist */,
			);
			path = CrossesTests;
			sourceTree = "<group>";
		};
		C0F42ED01E86935800FE9C28 /* Shared-Tests */ = {
			isa = PBXGroup;
			children = (
				C0F42ED11E86936700FE9C28 /* Model */,
			);
			path = "Shared-Tests";
			sourceTree = "<group>";
		};
		C0F42ED11E86936700FE9C28 /* Model */ = {
			isa = PBXGroup;
			children = (
				C0F42ED21E86938900FE9C28 /* GameBoardStateTests.swift */,
			);
			path = Model;
			sourceTree = "<group>";
		};
/* End PBXGroup section */

/* Begin PBXNativeTarget section */
		C0558F871E86006400CEBF26 /* iOS */ = {
			isa = PBXNativeTarget;
			buildConfigurationList = C0558F9C1E86006500CEBF26 /* Build configuration list for PBXNativeTarget "iOS" */;
			buildPhases = (
				C0558F841E86006400CEBF26 /* Sources */,
				C0558F851E86006400CEBF26 /* Frameworks */,
				C0558F861E86006400CEBF26 /* Resources */,
			);
			buildRules = (
			);
			dependencies = (
			);
			name = iOS;
			productName = iOS;
			productReference = C0558F881E86006400CEBF26 /* Crosses.app */;
			productType = "com.apple.product-type.application";
		};
		C0F42EC51E86933D00FE9C28 /* CrossesTests */ = {
			isa = PBXNativeTarget;
			buildConfigurationList = C0F42ECF1E86933D00FE9C28 /* Build configuration list for PBXNativeTarget "CrossesTests" */;
			buildPhases = (
				C0F42EC21E86933D00FE9C28 /* Sources */,
				C0F42EC31E86933D00FE9C28 /* Frameworks */,
				C0F42EC41E86933D00FE9C28 /* Resources */,
			);
			buildRules = (
			);
			dependencies = (
				C0F42ECC1E86933D00FE9C28 /* PBXTargetDependency */,
			);
			name = CrossesTests;
			productName = CrossesTests;
			productReference = C0F42EC61E86933D00FE9C28 /* CrossesTests.xctest */;
			productType = "com.apple.product-type.bundle.unit-test";
		};
/* End PBXNativeTarget section */

/* Begin PBXProject section */
		C0558F7B1E86006400CEBF26 /* Project object */ = {
			isa = PBXProject;
			attributes = {
				LastSwiftUpdateCheck = 0820;
				LastUpgradeCheck = 0820;
				ORGANIZATIONNAME = "Basil Salad Software";
				TargetAttributes = {
					C0558F871E86006400CEBF26 = {
						CreatedOnToolsVersion = 8.2.1;
						DevelopmentTeam = F3VP86DSRS;
						ProvisioningStyle = Automatic;
					};
					C0F42EC51E86933D00FE9C28 = {
						CreatedOnToolsVersion = 8.2.1;
						DevelopmentTeam = F3VP86DSRS;
						ProvisioningStyle = Automatic;
						TestTargetID = C0558F871E86006400CEBF26;
					};
				};
			};
			buildConfigurationList = C0558F7E1E86006400CEBF26 /* Build configuration list for PBXProject "Crosses" */;
			compatibilityVersion = "Xcode 3.2";
			developmentRegion = English;
			hasScannedForEncodings = 0;
			knownRegions = (
				en,
				Base,
			);
			mainGroup = C0558F7A1E86006400CEBF26;
			productRefGroup = C0558F891E86006400CEBF26 /* Products */;
			projectDirPath = "";
			projectRoot = "";
			targets = (
				C0558F871E86006400CEBF26 /* iOS */,
				C0F42EC51E86933D00FE9C28 /* CrossesTests */,
			);
		};
/* End PBXProject section */

/* Begin PBXResourcesBuildPhase section */
		C0558F861E86006400CEBF26 /* Resources */ = {
			isa = PBXResourcesBuildPhase;
			buildActionMask = 2147483647;
			files = (
				C0558F911E86006500CEBF26 /* Main.storyboard in Resources */,
				C0558F941E86006500CEBF26 /* LaunchScreen.storyboard in Resources */,
				C02A60301E8630E100393ADF /* GameScene.sks in Resources */,
				C0558F991E86006500CEBF26 /* Assets.xcassets in Resources */,
			);
			runOnlyForDeploymentPostprocessing = 0;
		};
		C0F42EC41E86933D00FE9C28 /* Resources */ = {
			isa = PBXResourcesBuildPhase;
			buildActionMask = 2147483647;
			files = (
			);
			runOnlyForDeploymentPostprocessing = 0;
		};
/* End PBXResourcesBuildPhase section */

/* Begin PBXSourcesBuildPhase section */
		C0558F841E86006400CEBF26 /* Sources */ = {
			isa = PBXSourcesBuildPhase;
			buildActionMask = 2147483647;
			files = (
				C02A60311E8630E100393ADF /* GameScene.swift in Sources */,
				C056A5F71E863C1100E734D1 /* MinMaxStrategy.swift in Sources */,
				C09E1D071E861480003BBE7E /* GameBoardState.swift in Sources */,
				C0558F8E1E86006400CEBF26 /* GameViewController.swift in Sources */,
				C056A5F31E863A4D00E734D1 /* Player.swift in Sources */,
				C056A5F51E863AAB00E734D1 /* GameModel.swift in Sources */,
				C0C012951E86AC7B00E28AF2 /* GameScore.swift in Sources */,
				C0A5DA441E86602500F12E41 /* GameBoardSprite.swift in Sources */,
				C056A5F11E863A4600E734D1 /* GameSession.swift in Sources */,
				C0558F8C1E86006400CEBF26 /* AppDelegate.swift in Sources */,
			);
			runOnlyForDeploymentPostprocessing = 0;
		};
		C0F42EC21E86933D00FE9C28 /* Sources */ = {
			isa = PBXSourcesBuildPhase;
			buildActionMask = 2147483647;
			files = (
				C0F42ED31E86938900FE9C28 /* GameBoardStateTests.swift in Sources */,
			);
			runOnlyForDeploymentPostprocessing = 0;
		};
/* End PBXSourcesBuildPhase section */

/* Begin PBXTargetDependency section */
		C0F42ECC1E86933D00FE9C28 /* PBXTargetDependency */ = {
			isa = PBXTargetDependency;
			target = C0558F871E86006400CEBF26 /* iOS */;
			targetProxy = C0F42ECB1E86933D00FE9C28 /* PBXContainerItemProxy */;
		};
/* End PBXTargetDependency section */

/* Begin PBXVariantGroup section */
		C0558F8F1E86006500CEBF26 /* Main.storyboard */ = {
			isa = PBXVariantGroup;
			children = (
				C0558F901E86006500CEBF26 /* Base */,
			);
			name = Main.storyboard;
			sourceTree = "<group>";
		};
		C0558F921E86006500CEBF26 /* LaunchScreen.storyboard */ = {
			isa = PBXVariantGroup;
			children = (
				C0558F931E86006500CEBF26 /* Base */,
			);
			name = LaunchScreen.storyboard;
			sourceTree = "<group>";
		};
/* End PBXVariantGroup section */

/* Begin XCBuildConfiguration section */
		C0558F9A1E86006500CEBF26 /* Debug */ = {
			isa = XCBuildConfiguration;
			buildSettings = {
				ALWAYS_SEARCH_USER_PATHS = NO;
				CLANG_ANALYZER_NONNULL = YES;
				CLANG_CXX_LANGUAGE_STANDARD = "gnu++0x";
				CLANG_CXX_LIBRARY = "libc++";
				CLANG_ENABLE_MODULES = YES;
				CLANG_ENABLE_OBJC_ARC = YES;
				CLANG_WARN_BOOL_CONVERSION = YES;
				CLANG_WARN_CONSTANT_CONVERSION = YES;
				CLANG_WARN_DIRECT_OBJC_ISA_USAGE = YES_ERROR;
				CLANG_WARN_DOCUMENTATION_COMMENTS = YES;
				CLANG_WARN_EMPTY_BODY = YES;
				CLANG_WARN_ENUM_CONVERSION = YES;
				CLANG_WARN_INFINITE_RECURSION = YES;
				CLANG_WARN_INT_CONVERSION = YES;
				CLANG_WARN_OBJC_ROOT_CLASS = YES_ERROR;
				CLANG_WARN_SUSPICIOUS_MOVE = YES;
				CLANG_WARN_UNREACHABLE_CODE = YES;
				CLANG_WARN__DUPLICATE_METHOD_MATCH = YES;
				COPY_PHASE_STRIP = NO;
				CURRENT_PROJECT_VERSION = 1;
				DEBUG_INFORMATION_FORMAT = dwarf;
				ENABLE_STRICT_OBJC_MSGSEND = YES;
				ENABLE_TESTABILITY = YES;
				GCC_C_LANGUAGE_STANDARD = gnu99;
				GCC_DYNAMIC_NO_PIC = NO;
				GCC_NO_COMMON_BLOCKS = YES;
				GCC_OPTIMIZATION_LEVEL = 0;
				GCC_PREPROCESSOR_DEFINITIONS = (
					"DEBUG=1",
					"$(inherited)",
				);
				GCC_WARN_64_TO_32_BIT_CONVERSION = YES;
				GCC_WARN_ABOUT_RETURN_TYPE = YES_ERROR;
				GCC_WARN_UNDECLARED_SELECTOR = YES;
				GCC_WARN_UNINITIALIZED_AUTOS = YES_AGGRESSIVE;
				GCC_WARN_UNUSED_FUNCTION = YES;
				GCC_WARN_UNUSED_VARIABLE = YES;
				MTL_ENABLE_DEBUG_INFO = YES;
				ONLY_ACTIVE_ARCH = YES;
				SWIFT_ACTIVE_COMPILATION_CONDITIONS = DEBUG;
				SWIFT_OPTIMIZATION_LEVEL = "-Onone";
				VERSIONING_SYSTEM = "apple-generic";
			};
			name = Debug;
		};
		C0558F9B1E86006500CEBF26 /* Release */ = {
			isa = XCBuildConfiguration;
			buildSettings = {
				ALWAYS_SEARCH_USER_PATHS = NO;
				CLANG_ANALYZER_NONNULL = YES;
				CLANG_CXX_LANGUAGE_STANDARD = "gnu++0x";
				CLANG_CXX_LIBRARY = "libc++";
				CLANG_ENABLE_MODULES = YES;
				CLANG_ENABLE_OBJC_ARC = YES;
				CLANG_WARN_BOOL_CONVERSION = YES;
				CLANG_WARN_CONSTANT_CONVERSION = YES;
				CLANG_WARN_DIRECT_OBJC_ISA_USAGE = YES_ERROR;
				CLANG_WARN_DOCUMENTATION_COMMENTS = YES;
				CLANG_WARN_EMPTY_BODY = YES;
				CLANG_WARN_ENUM_CONVERSION = YES;
				CLANG_WARN_INFINITE_RECURSION = YES;
				CLANG_WARN_INT_CONVERSION = YES;
				CLANG_WARN_OBJC_ROOT_CLASS = YES_ERROR;
				CLANG_WARN_SUSPICIOUS_MOVE = YES;
				CLANG_WARN_UNREACHABLE_CODE = YES;
				CLANG_WARN__DUPLICATE_METHOD_MATCH = YES;
				COPY_PHASE_STRIP = NO;
				CURRENT_PROJECT_VERSION = 1;
				DEBUG_INFORMATION_FORMAT = "dwarf-with-dsym";
				ENABLE_NS_ASSERTIONS = NO;
				ENABLE_STRICT_OBJC_MSGSEND = YES;
				GCC_C_LANGUAGE_STANDARD = gnu99;
				GCC_NO_COMMON_BLOCKS = YES;
				GCC_WARN_64_TO_32_BIT_CONVERSION = YES;
				GCC_WARN_ABOUT_RETURN_TYPE = YES_ERROR;
				GCC_WARN_UNDECLARED_SELECTOR = YES;
				GCC_WARN_UNINITIALIZED_AUTOS = YES_AGGRESSIVE;
				GCC_WARN_UNUSED_FUNCTION = YES;
				GCC_WARN_UNUSED_VARIABLE = YES;
				MTL_ENABLE_DEBUG_INFO = NO;
				SWIFT_OPTIMIZATION_LEVEL = "-Owholemodule";
				VERSIONING_SYSTEM = "apple-generic";
			};
			name = Release;
		};
		C0558F9D1E86006500CEBF26 /* Debug */ = {
			isa = XCBuildConfiguration;
			buildSettings = {
				ASSETCATALOG_COMPILER_APPICON_NAME = AppIcon;
				"CODE_SIGN_IDENTITY[sdk=iphoneos*]" = "iPhone Developer";
				DEVELOPMENT_TEAM = F3VP86DSRS;
				INFOPLIST_FILE = iOS/Info.plist;
				IPHONEOS_DEPLOYMENT_TARGET = 10.2;
				LD_RUNPATH_SEARCH_PATHS = "$(inherited) @executable_path/Frameworks";
				PRODUCT_BUNDLE_IDENTIFIER = com.basilsalad.Crosses;
				PRODUCT_NAME = Crosses;
				SDKROOT = iphoneos;
				SWIFT_VERSION = 3.0;
				TARGETED_DEVICE_FAMILY = "1,2";
			};
			name = Debug;
		};
		C0558F9E1E86006500CEBF26 /* Release */ = {
			isa = XCBuildConfiguration;
			buildSettings = {
				ASSETCATALOG_COMPILER_APPICON_NAME = AppIcon;
				"CODE_SIGN_IDENTITY[sdk=iphoneos*]" = "iPhone Developer";
				DEVELOPMENT_TEAM = F3VP86DSRS;
				INFOPLIST_FILE = iOS/Info.plist;
				IPHONEOS_DEPLOYMENT_TARGET = 10.2;
				LD_RUNPATH_SEARCH_PATHS = "$(inherited) @executable_path/Frameworks";
				PRODUCT_BUNDLE_IDENTIFIER = com.basilsalad.Crosses;
				PRODUCT_NAME = Crosses;
				SDKROOT = iphoneos;
				SWIFT_VERSION = 3.0;
				TARGETED_DEVICE_FAMILY = "1,2";
				VALIDATE_PRODUCT = YES;
			};
			name = Release;
		};
		C0F42ECD1E86933D00FE9C28 /* Debug */ = {
			isa = XCBuildConfiguration;
			buildSettings = {
				BUNDLE_LOADER = "$(TEST_HOST)";
				"CODE_SIGN_IDENTITY[sdk=iphoneos*]" = "iPhone Developer";
				DEVELOPMENT_TEAM = F3VP86DSRS;
				INFOPLIST_FILE = CrossesTests/Info.plist;
				IPHONEOS_DEPLOYMENT_TARGET = 10.2;
				LD_RUNPATH_SEARCH_PATHS = "$(inherited) @executable_path/Frameworks @loader_path/Frameworks";
				PRODUCT_BUNDLE_IDENTIFIER = com.basilsalad.CrossesTests;
				PRODUCT_NAME = "$(TARGET_NAME)";
				SDKROOT = iphoneos;
				SWIFT_VERSION = 3.0;
				TEST_HOST = "$(BUILT_PRODUCTS_DIR)/Crosses.app/Crosses";
			};
			name = Debug;
		};
		C0F42ECE1E86933D00FE9C28 /* Release */ = {
			isa = XCBuildConfiguration;
			buildSettings = {
				BUNDLE_LOADER = "$(TEST_HOST)";
				"CODE_SIGN_IDENTITY[sdk=iphoneos*]" = "iPhone Developer";
				DEVELOPMENT_TEAM = F3VP86DSRS;
				INFOPLIST_FILE = CrossesTests/Info.plist;
				IPHONEOS_DEPLOYMENT_TARGET = 10.2;
				LD_RUNPATH_SEARCH_PATHS = "$(inherited) @executable_path/Frameworks @loader_path/Frameworks";
				PRODUCT_BUNDLE_IDENTIFIER = com.basilsalad.CrossesTests;
				PRODUCT_NAME = "$(TARGET_NAME)";
				SDKROOT = iphoneos;
				SWIFT_VERSION = 3.0;
				TEST_HOST = "$(BUILT_PRODUCTS_DIR)/Crosses.app/Crosses";
				VALIDATE_PRODUCT = YES;
			};
			name = Release;
		};
/* End XCBuildConfiguration section */

/* Begin XCConfigurationList section */
		C0558F7E1E86006400CEBF26 /* Build configuration list for PBXProject "Crosses" */ = {
			isa = XCConfigurationList;
			buildConfigurations = (
				C0558F9A1E86006500CEBF26 /* Debug */,
				C0558F9B1E86006500CEBF26 /* Release */,
			);
			defaultConfigurationIsVisible = 0;
			defaultConfigurationName = Release;
		};
		C0558F9C1E86006500CEBF26 /* Build configuration list for PBXNativeTarget "iOS" */ = {
			isa = XCConfigurationList;
			buildConfigurations = (
				C0558F9D1E86006500CEBF26 /* Debug */,
				C0558F9E1E86006500CEBF26 /* Release */,
			);
			defaultConfigurationIsVisible = 0;
			defaultConfigurationName = Release;
		};
		C0F42ECF1E86933D00FE9C28 /* Build configuration list for PBXNativeTarget "CrossesTests" */ = {
			isa = XCConfigurationList;
			buildConfigurations = (
				C0F42ECD1E86933D00FE9C28 /* Debug */,
				C0F42ECE1E86933D00FE9C28 /* Release */,
			);
			defaultConfigurationIsVisible = 0;
			defaultConfigurationName = Release;
		};
/* End XCConfigurationList section */
	};
	rootObject = C0558F7B1E86006400CEBF26 /* Project object */;
}
